// !$*UTF8*$!
{
	archiveVersion = 1;
	classes = {
	};
	objectVersion = 46;
	objects = {

/* Begin PBXBuildFile section */
		4B0CF67F19DF4E3200A59018 /* MQTTClient.h in CopyFiles */ = {isa = PBXBuildFile; fileRef = 4B0CF67E19DF4E3200A59018 /* MQTTClient.h */; };
		4B0CF68119DF4E3200A59018 /* MQTTClient.m in Sources */ = {isa = PBXBuildFile; fileRef = 4B0CF68019DF4E3200A59018 /* MQTTClient.m */; };
		4B0CF69619DF516900A59018 /* MQTTMessage.m in Sources */ = {isa = PBXBuildFile; fileRef = 4B0CF69519DF516900A59018 /* MQTTMessage.m */; };
		4BDF453319E2054D00FBAF61 /* libcrypto.a in Frameworks */ = {isa = PBXBuildFile; fileRef = 4BDF453119E2054D00FBAF61 /* libcrypto.a */; };
		4BDF453419E2054D00FBAF61 /* libssl.a in Frameworks */ = {isa = PBXBuildFile; fileRef = 4BDF453219E2054D00FBAF61 /* libssl.a */; };
		4BDF453919E256FD00FBAF61 /* sslhelper.c in Sources */ = {isa = PBXBuildFile; fileRef = 4BDF453819E256FD00FBAF61 /* sslhelper.c */; };
/* End PBXBuildFile section */

/* Begin PBXCopyFilesBuildPhase section */
		4B0CF67919DF4E3200A59018 /* CopyFiles */ = {
			isa = PBXCopyFilesBuildPhase;
			buildActionMask = 2147483647;
			dstPath = "include/$(PRODUCT_NAME)";
			dstSubfolderSpec = 16;
			files = (
				4B0CF67F19DF4E3200A59018 /* MQTTClient.h in CopyFiles */,
			);
			runOnlyForDeploymentPostprocessing = 0;
		};
/* End PBXCopyFilesBuildPhase section */

/* Begin PBXFileReference section */
		4B0CF67B19DF4E3200A59018 /* libMQTTFramework.a */ = {isa = PBXFileReference; explicitFileType = archive.ar; includeInIndex = 0; path = libMQTTFramework.a; sourceTree = BUILT_PRODUCTS_DIR; };
		4B0CF67E19DF4E3200A59018 /* MQTTClient.h */ = {isa = PBXFileReference; lastKnownFileType = sourcecode.c.h; path = MQTTClient.h; sourceTree = "<group>"; };
		4B0CF68019DF4E3200A59018 /* MQTTClient.m */ = {isa = PBXFileReference; lastKnownFileType = sourcecode.c.objc; path = MQTTClient.m; sourceTree = "<group>"; };
		4B0CF68619DF4E3200A59018 /* MQTTFrameworkTests.xctest */ = {isa = PBXFileReference; explicitFileType = wrapper.cfbundle; includeInIndex = 0; path = MQTTFrameworkTests.xctest; sourceTree = BUILT_PRODUCTS_DIR; };
		4B0CF68919DF4E3200A59018 /* Info.plist */ = {isa = PBXFileReference; lastKnownFileType = text.plist.xml; path = Info.plist; sourceTree = "<group>"; };
		4B0CF69219DF4E6600A59018 /* libMosquitto */ = {isa = PBXFileReference; lastKnownFileType = folder; path = libMosquitto; sourceTree = "<group>"; };
		4B0CF69419DF516900A59018 /* MQTTMessage.h */ = {isa = PBXFileReference; fileEncoding = 4; lastKnownFileType = sourcecode.c.h; path = MQTTMessage.h; sourceTree = "<group>"; };
		4B0CF69519DF516900A59018 /* MQTTMessage.m */ = {isa = PBXFileReference; fileEncoding = 4; lastKnownFileType = sourcecode.c.objc; path = MQTTMessage.m; sourceTree = "<group>"; };
		4BDF453119E2054D00FBAF61 /* libcrypto.a */ = {isa = PBXFileReference; lastKnownFileType = archive.ar; path = libcrypto.a; sourceTree = "<group>"; };
		4BDF453219E2054D00FBAF61 /* libssl.a */ = {isa = PBXFileReference; lastKnownFileType = archive.ar; path = libssl.a; sourceTree = "<group>"; };
		4BDF453819E256FD00FBAF61 /* sslhelper.c */ = {isa = PBXFileReference; fileEncoding = 4; lastKnownFileType = sourcecode.c.c; path = sslhelper.c; sourceTree = "<group>"; };
/* End PBXFileReference section */

/* Begin PBXFrameworksBuildPhase section */
		4B0CF67819DF4E3200A59018 /* Frameworks */ = {
			isa = PBXFrameworksBuildPhase;
			buildActionMask = 2147483647;
			files = (
				4BDF453419E2054D00FBAF61 /* libssl.a in Frameworks */,
				4BDF453319E2054D00FBAF61 /* libcrypto.a in Frameworks */,
			);
			runOnlyForDeploymentPostprocessing = 0;
		};
		4B0CF68319DF4E3200A59018 /* Frameworks */ = {
			isa = PBXFrameworksBuildPhase;
			buildActionMask = 2147483647;
			files = (
			);
			runOnlyForDeploymentPostprocessing = 0;
		};
/* End PBXFrameworksBuildPhase section */

/* Begin PBXGroup section */
		4B0CF67219DF4E3200A59018 = {
			isa = PBXGroup;
			children = (
				4BDF453019E204F600FBAF61 /* Libs */,
				4B0CF67D19DF4E3200A59018 /* MQTTFramework */,
				4B0CF69219DF4E6600A59018 /* libMosquitto */,
				4B0CF68719DF4E3200A59018 /* MQTTFrameworkTests */,
				4B0CF67C19DF4E3200A59018 /* Products */,
			);
			sourceTree = "<group>";
		};
		4B0CF67C19DF4E3200A59018 /* Products */ = {
			isa = PBXGroup;
			children = (
				4B0CF67B19DF4E3200A59018 /* libMQTTFramework.a */,
				4B0CF68619DF4E3200A59018 /* MQTTFrameworkTests.xctest */,
			);
			name = Products;
			sourceTree = "<group>";
		};
		4B0CF67D19DF4E3200A59018 /* MQTTFramework */ = {
			isa = PBXGroup;
			children = (
				4B0CF67E19DF4E3200A59018 /* MQTTClient.h */,
				4B0CF68019DF4E3200A59018 /* MQTTClient.m */,
				4B0CF69419DF516900A59018 /* MQTTMessage.h */,
				4B0CF69519DF516900A59018 /* MQTTMessage.m */,
				4BDF453819E256FD00FBAF61 /* sslhelper.c */,
			);
			path = MQTTFramework;
			sourceTree = "<group>";
		};
		4B0CF68719DF4E3200A59018 /* MQTTFrameworkTests */ = {
			isa = PBXGroup;
			children = (
				4B0CF68819DF4E3200A59018 /* Supporting Files */,
			);
			path = MQTTFrameworkTests;
			sourceTree = "<group>";
		};
		4B0CF68819DF4E3200A59018 /* Supporting Files */ = {
			isa = PBXGroup;
			children = (
				4B0CF68919DF4E3200A59018 /* Info.plist */,
			);
			name = "Supporting Files";
			sourceTree = "<group>";
		};
		4BDF453019E204F600FBAF61 /* Libs */ = {
			isa = PBXGroup;
			children = (
				4BDF453119E2054D00FBAF61 /* libcrypto.a */,
				4BDF453219E2054D00FBAF61 /* libssl.a */,
			);
			path = Libs;
			sourceTree = "<group>";
		};
/* End PBXGroup section */

/* Begin PBXNativeTarget section */
		4B0CF67A19DF4E3200A59018 /* MQTTFramework */ = {
			isa = PBXNativeTarget;
			buildConfigurationList = 4B0CF68C19DF4E3200A59018 /* Build configuration list for PBXNativeTarget "MQTTFramework" */;
			buildPhases = (
				4B0CF67719DF4E3200A59018 /* Sources */,
				4B0CF67819DF4E3200A59018 /* Frameworks */,
				4B0CF67919DF4E3200A59018 /* CopyFiles */,
			);
			buildRules = (
			);
			dependencies = (
			);
			name = MQTTFramework;
			productName = MQTTFramework;
			productReference = 4B0CF67B19DF4E3200A59018 /* libMQTTFramework.a */;
			productType = "com.apple.product-type.library.static";
		};
		4B0CF68519DF4E3200A59018 /* MQTTFrameworkTests */ = {
			isa = PBXNativeTarget;
			buildConfigurationList = 4B0CF68F19DF4E3200A59018 /* Build configuration list for PBXNativeTarget "MQTTFrameworkTests" */;
			buildPhases = (
				4B0CF68219DF4E3200A59018 /* Sources */,
				4B0CF68319DF4E3200A59018 /* Frameworks */,
				4B0CF68419DF4E3200A59018 /* Resources */,
			);
			buildRules = (
			);
			dependencies = (
			);
			name = MQTTFrameworkTests;
			productName = MQTTFrameworkTests;
			productReference = 4B0CF68619DF4E3200A59018 /* MQTTFrameworkTests.xctest */;
			productType = "com.apple.product-type.bundle.unit-test";
		};
/* End PBXNativeTarget section */

/* Begin PBXProject section */
		4B0CF67319DF4E3200A59018 /* Project object */ = {
			isa = PBXProject;
			attributes = {
				LastUpgradeCheck = 0600;
				ORGANIZATIONNAME = "Karthik Saligrama";
				TargetAttributes = {
					4B0CF67A19DF4E3200A59018 = {
						CreatedOnToolsVersion = 6.0.1;
					};
					4B0CF68519DF4E3200A59018 = {
						CreatedOnToolsVersion = 6.0.1;
					};
				};
			};
			buildConfigurationList = 4B0CF67619DF4E3200A59018 /* Build configuration list for PBXProject "MQTTFramework" */;
			compatibilityVersion = "Xcode 3.2";
			developmentRegion = English;
			hasScannedForEncodings = 0;
			knownRegions = (
				en,
			);
			mainGroup = 4B0CF67219DF4E3200A59018;
			productRefGroup = 4B0CF67C19DF4E3200A59018 /* Products */;
			projectDirPath = "";
			projectRoot = "";
			targets = (
				4B0CF67A19DF4E3200A59018 /* MQTTFramework */,
				4B0CF68519DF4E3200A59018 /* MQTTFrameworkTests */,
			);
		};
/* End PBXProject section */

/* Begin PBXResourcesBuildPhase section */
		4B0CF68419DF4E3200A59018 /* Resources */ = {
			isa = PBXResourcesBuildPhase;
			buildActionMask = 2147483647;
			files = (
			);
			runOnlyForDeploymentPostprocessing = 0;
		};
/* End PBXResourcesBuildPhase section */

/* Begin PBXSourcesBuildPhase section */
		4B0CF67719DF4E3200A59018 /* Sources */ = {
			isa = PBXSourcesBuildPhase;
			buildActionMask = 2147483647;
			files = (
				4B0CF68119DF4E3200A59018 /* MQTTClient.m in Sources */,
				4BDF453919E256FD00FBAF61 /* sslhelper.c in Sources */,
				4B0CF69619DF516900A59018 /* MQTTMessage.m in Sources */,
			);
			runOnlyForDeploymentPostprocessing = 0;
		};
		4B0CF68219DF4E3200A59018 /* Sources */ = {
			isa = PBXSourcesBuildPhase;
			buildActionMask = 2147483647;
			files = (
			);
			runOnlyForDeploymentPostprocessing = 0;
		};
/* End PBXSourcesBuildPhase section */

/* Begin XCBuildConfiguration section */
		4B0CF68A19DF4E3200A59018 /* Debug */ = {
			isa = XCBuildConfiguration;
			buildSettings = {
				ALWAYS_SEARCH_USER_PATHS = NO;
				CLANG_CXX_LANGUAGE_STANDARD = "gnu++0x";
				CLANG_CXX_LIBRARY = "libc++";
				CLANG_ENABLE_MODULES = YES;
				CLANG_ENABLE_OBJC_ARC = YES;
				CLANG_WARN_BOOL_CONVERSION = YES;
				CLANG_WARN_CONSTANT_CONVERSION = YES;
				CLANG_WARN_DIRECT_OBJC_ISA_USAGE = YES_ERROR;
				CLANG_WARN_EMPTY_BODY = YES;
				CLANG_WARN_ENUM_CONVERSION = YES;
				CLANG_WARN_INT_CONVERSION = YES;
				CLANG_WARN_OBJC_ROOT_CLASS = YES_ERROR;
				CLANG_WARN_UNREACHABLE_CODE = YES;
				CLANG_WARN__DUPLICATE_METHOD_MATCH = YES;
				COPY_PHASE_STRIP = NO;
				ENABLE_STRICT_OBJC_MSGSEND = YES;
				GCC_C_LANGUAGE_STANDARD = gnu99;
				GCC_DYNAMIC_NO_PIC = NO;
				GCC_OPTIMIZATION_LEVEL = 0;
				GCC_PREPROCESSOR_DEFINITIONS = (
					"DEBUG=1",
					"$(inherited)",
				);
				GCC_SYMBOLS_PRIVATE_EXTERN = NO;
				GCC_WARN_64_TO_32_BIT_CONVERSION = YES;
				GCC_WARN_ABOUT_RETURN_TYPE = YES_ERROR;
				GCC_WARN_UNDECLARED_SELECTOR = YES;
				GCC_WARN_UNINITIALIZED_AUTOS = YES_AGGRESSIVE;
				GCC_WARN_UNUSED_FUNCTION = YES;
				GCC_WARN_UNUSED_VARIABLE = YES;
				IPHONEOS_DEPLOYMENT_TARGET = 8.0;
				MTL_ENABLE_DEBUG_INFO = YES;
				ONLY_ACTIVE_ARCH = YES;
				SDKROOT = iphoneos;
			};
			name = Debug;
		};
		4B0CF68B19DF4E3200A59018 /* Release */ = {
			isa = XCBuildConfiguration;
			buildSettings = {
				ALWAYS_SEARCH_USER_PATHS = NO;
				CLANG_CXX_LANGUAGE_STANDARD = "gnu++0x";
				CLANG_CXX_LIBRARY = "libc++";
				CLANG_ENABLE_MODULES = YES;
				CLANG_ENABLE_OBJC_ARC = YES;
				CLANG_WARN_BOOL_CONVERSION = YES;
				CLANG_WARN_CONSTANT_CONVERSION = YES;
				CLANG_WARN_DIRECT_OBJC_ISA_USAGE = YES_ERROR;
				CLANG_WARN_EMPTY_BODY = YES;
				CLANG_WARN_ENUM_CONVERSION = YES;
				CLANG_WARN_INT_CONVERSION = YES;
				CLANG_WARN_OBJC_ROOT_CLASS = YES_ERROR;
				CLANG_WARN_UNREACHABLE_CODE = YES;
				CLANG_WARN__DUPLICATE_METHOD_MATCH = YES;
				COPY_PHASE_STRIP = YES;
				ENABLE_NS_ASSERTIONS = NO;
				ENABLE_STRICT_OBJC_MSGSEND = YES;
				GCC_C_LANGUAGE_STANDARD = gnu99;
				GCC_WARN_64_TO_32_BIT_CONVERSION = YES;
				GCC_WARN_ABOUT_RETURN_TYPE = YES_ERROR;
				GCC_WARN_UNDECLARED_SELECTOR = YES;
				GCC_WARN_UNINITIALIZED_AUTOS = YES_AGGRESSIVE;
				GCC_WARN_UNUSED_FUNCTION = YES;
				GCC_WARN_UNUSED_VARIABLE = YES;
				IPHONEOS_DEPLOYMENT_TARGET = 8.0;
				MTL_ENABLE_DEBUG_INFO = NO;
				SDKROOT = iphoneos;
				VALIDATE_PRODUCT = YES;
			};
			name = Release;
		};
		4B0CF68D19DF4E3200A59018 /* Debug */ = {
			isa = XCBuildConfiguration;
			buildSettings = {
				HEADER_SEARCH_PATHS = (
					"$(inherited)/**",
					libMosquitto,
					include,
				);
				LIBRARY_SEARCH_PATHS = (
					"$(inherited)",
					"$(PROJECT_DIR)/Libs",
				);
				OTHER_LDFLAGS = "-ObjC";
				PRODUCT_NAME = "$(TARGET_NAME)";
				SKIP_INSTALL = YES;
			};
			name = Debug;
		};
		4B0CF68E19DF4E3200A59018 /* Release */ = {
			isa = XCBuildConfiguration;
			buildSettings = {
				HEADER_SEARCH_PATHS = (
					"$(inherited)/**",
					libMosquitto,
					include,
				);
				LIBRARY_SEARCH_PATHS = (
					"$(inherited)",
					"$(PROJECT_DIR)/Libs",
				);
				OTHER_LDFLAGS = "-ObjC";
				PRODUCT_NAME = "$(TARGET_NAME)";
				SKIP_INSTALL = YES;
			};
			name = Release;
		};
		4B0CF69019DF4E3200A59018 /* Debug */ = {
			isa = XCBuildConfiguration;
			buildSettings = {
				FRAMEWORK_SEARCH_PATHS = (
					"$(SDKROOT)/Developer/Library/Frameworks",
					"$(inherited)",
				);
				GCC_PREPROCESSOR_DEFINITIONS = (
					"DEBUG=1",
					"$(inherited)",
				);
				INFOPLIST_FILE = MQTTFrameworkTests/Info.plist;
				LD_RUNPATH_SEARCH_PATHS = "$(inherited) @executable_path/Frameworks @loader_path/Frameworks";
				PRODUCT_NAME = "$(TARGET_NAME)";
			};
			name = Debug;
		};
		4B0CF69119DF4E3200A59018 /* Release */ = {
			isa = XCBuildConfiguration;
			buildSettings = {
				FRAMEWORK_SEARCH_PATHS = (
					"$(SDKROOT)/Developer/Library/Frameworks",
					"$(inherited)",
				);
				INFOPLIST_FILE = MQTTFrameworkTests/Info.plist;
				LD_RUNPATH_SEARCH_PATHS = "$(inherited) @executable_path/Frameworks @loader_path/Frameworks";
				PRODUCT_NAME = "$(TARGET_NAME)";
			};
			name = Release;
		};
/* End XCBuildConfiguration section */

/* Begin XCConfigurationList section */
		4B0CF67619DF4E3200A59018 /* Build configuration list for PBXProject "MQTTFramework" */ = {
			isa = XCConfigurationList;
			buildConfigurations = (
				4B0CF68A19DF4E3200A59018 /* Debug */,
				4B0CF68B19DF4E3200A59018 /* Release */,
			);
			defaultConfigurationIsVisible = 0;
			defaultConfigurationName = Release;
		};
		4B0CF68C19DF4E3200A59018 /* Build configuration list for PBXNativeTarget "MQTTFramework" */ = {
			isa = XCConfigurationList;
			buildConfigurations = (
				4B0CF68D19DF4E3200A59018 /* Debug */,
				4B0CF68E19DF4E3200A59018 /* Release */,
			);
			defaultConfigurationIsVisible = 0;
			defaultConfigurationName = Release;
		};
		4B0CF68F19DF4E3200A59018 /* Build configuration list for PBXNativeTarget "MQTTFrameworkTests" */ = {
			isa = XCConfigurationList;
			buildConfigurations = (
				4B0CF69019DF4E3200A59018 /* Debug */,
				4B0CF69119DF4E3200A59018 /* Release */,
			);
			defaultConfigurationIsVisible = 0;
			defaultConfigurationName = Release;
		};
/* End XCConfigurationList section */
	};
	rootObject = 4B0CF67319DF4E3200A59018 /* Project object */;
}
